
Microsoft Visual Studio Solution File, Format Version 9.00
# Visual Studio 2005
Project("{8BC9CEB8-8B4A-11D0-8D11-00A0C91BC942}") = "UtilDnsRunning", "UtilDnsRunning.vcproj", "{0CFD449F-72AF-4530-83B3-25A74718E12D}"
	ProjectSection(ProjectDependencies) = postProject
		{6EF58C0E-5F09-4828-A566-45661BE3C661} = {6EF58C0E-5F09-4828-A566-45661BE3C661}
		{58E984CB-F078-411C-846E-628836D2330F} = {58E984CB-F078-411C-846E-628836D2330F}
	EndProjectSection
EndProject
Project("{8BC9CEB8-8B4A-11D0-8D11-00A0C91BC942}") = "UtilDomainExists", "UtilDomainExists.vcproj", "{91C4D342-6C37-4179-9FC4-DAAC597B9E8E}"
	ProjectSection(ProjectDependencies) = postProject
		{6EF58C0E-5F09-4828-A566-45661BE3C661} = {6EF58C0E-5F09-4828-A566-45661BE3C661}
		{58E984CB-F078-411C-846E-628836D2330F} = {58E984CB-F078-411C-846E-628836D2330F}
	EndProjectSection
EndProject
Project("{8BC9CEB8-8B4A-11D0-8D11-00A0C91BC942}") = "UtilGetDomainObjects", "UtilGetDomainObjects.vcproj", "{8C79254F-BD11-4149-BF66-32C9A5A9A450}"
	ProjectSection(ProjectDependencies) = postProject
		{6EF58C0E-5F09-4828-A566-45661BE3C661} = {6EF58C0E-5F09-4828-A566-45661BE3C661}
		{58E984CB-F078-411C-846E-628836D2330F} = {58E984CB-F078-411C-846E-628836D2330F}
	EndProjectSection
EndProject
Project("{8BC9CEB8-8B4A-11D0-8D11-00A0C91BC942}") = "UtilGetDomains", "UtilGetDomains.vcproj", "{B0F8EBE6-07EF-4BA6-A529-6CC6E5A8E1FB}"
	ProjectSection(ProjectDependencies) = postProject
		{6EF58C0E-5F09-4828-A566-45661BE3C661} = {6EF58C0E-5F09-4828-A566-45661BE3C661}
		{58E984CB-F078-411C-846E-628836D2330F} = {58E984CB-F078-411C-846E-628836D2330F}
	EndProjectSection
EndProject
Project("{8BC9CEB8-8B4A-11D0-8D11-00A0C91BC942}") = "UtilMonObjects", "UtilMonObjects.vcproj", "{7AF69DB2-2763-487A-8FD3-C051B45218FD}"
	ProjectSection(ProjectDependencies) = postProject
		{6EF58C0E-5F09-4828-A566-45661BE3C661} = {6EF58C0E-5F09-4828-A566-45661BE3C661}
		{58E984CB-F078-411C-846E-628836D2330F} = {58E984CB-F078-411C-846E-628836D2330F}
	EndProjectSection
EndProject
Project("{8BC9CEB8-8B4A-11D0-8D11-00A0C91BC942}") = "UtilTclTkGUIBuilder", "UtilTclTkGUIBuilder.vcproj", "{B5CCA4D8-18A7-4913-909A-44873DFC8103}"
EndProject
Project("{8BC9CEB8-8B4A-11D0-8D11-00A0C91BC942}") = "UtilTellMonObjects", "UtilTellMonObjects.vcproj", "{7D2000D6-0FD7-4453-BF79-FBC3E05945FE}"
	ProjectSection(ProjectDependencies) = postProject
		{6EF58C0E-5F09-4828-A566-45661BE3C661} = {6EF58C0E-5F09-4828-A566-45661BE3C661}
		{58E984CB-F078-411C-846E-628836D2330F} = {58E984CB-F078-411C-846E-628836D2330F}
	EndProjectSection
EndProject
Project("{8BC9CEB8-8B4A-11D0-8D11-00A0C91BC942}") = "generator", "generator.vcproj", "{C8F2F92B-741B-4354-A0A0-E858C1E0F058}"
EndProject
Project("{8BC9CEB8-8B4A-11D0-8D11-00A0C91BC942}") = "smi_send_command", "smi_send_command.vcproj", "{019D351F-6370-46CD-9116-8A4BD17C7880}"
	ProjectSection(ProjectDependencies) = postProject
		{6EF58C0E-5F09-4828-A566-45661BE3C661} = {6EF58C0E-5F09-4828-A566-45661BE3C661}
		{58E984CB-F078-411C-846E-628836D2330F} = {58E984CB-F078-411C-846E-628836D2330F}
	EndProjectSection
EndProject
Project("{8BC9CEB8-8B4A-11D0-8D11-00A0C91BC942}") = "smirtl", "smirtl.vcproj", "{6EF58C0E-5F09-4828-A566-45661BE3C661}"
EndProject
Project("{8BC9CEB8-8B4A-11D0-8D11-00A0C91BC942}") = "smiuirtl", "smiuirtl.vcproj", "{58E984CB-F078-411C-846E-628836D2330F}"
EndProject
Project("{8BC9CEB8-8B4A-11D0-8D11-00A0C91BC942}") = "state_manager", "state_manager.vcproj", "{A78A78BC-0D96-4A97-A19B-F784F377C207}"
EndProject
Project("{8BC9CEB8-8B4A-11D0-8D11-00A0C91BC942}") = "translator", "translator.vcproj", "{C7E1CAC8-DD9A-4613-B5F3-A50155E998A9}"
EndProject
Project("{8BC9CEB8-8B4A-11D0-8D11-00A0C91BC942}") = "UtilMonObjectState", "UtilMonObjectState.vcproj", "{E49F4FEB-823B-4069-AAE0-C54139A1240E}"
EndProject
Global
	GlobalSection(SolutionConfigurationPlatforms) = preSolution
		Debug|Win32 = Debug|Win32
		Release|Win32 = Release|Win32
	EndGlobalSection
	GlobalSection(ProjectConfigurationPlatforms) = postSolution
		{0CFD449F-72AF-4530-83B3-25A74718E12D}.Debug|Win32.ActiveCfg = Debug|Win32
		{0CFD449F-72AF-4530-83B3-25A74718E12D}.Debug|Win32.Build.0 = Debug|Win32
		{0CFD449F-72AF-4530-83B3-25A74718E12D}.Release|Win32.ActiveCfg = Release|Win32
		{0CFD449F-72AF-4530-83B3-25A74718E12D}.Release|Win32.Build.0 = Release|Win32
		{91C4D342-6C37-4179-9FC4-DAAC597B9E8E}.Debug|Win32.ActiveCfg = Debug|Win32
		{91C4D342-6C37-4179-9FC4-DAAC597B9E8E}.Debug|Win32.Build.0 = Debug|Win32
		{91C4D342-6C37-4179-9FC4-DAAC597B9E8E}.Release|Win32.ActiveCfg = Release|Win32
		{91C4D342-6C37-4179-9FC4-DAAC597B9E8E}.Release|Win32.Build.0 = Release|Win32
		{8C79254F-BD11-4149-BF66-32C9A5A9A450}.Debug|Win32.ActiveCfg = Debug|Win32
		{8C79254F-BD11-4149-BF66-32C9A5A9A450}.Debug|Win32.Build.0 = Debug|Win32
		{8C79254F-BD11-4149-BF66-32C9A5A9A450}.Release|Win32.ActiveCfg = Release|Win32
		{8C79254F-BD11-4149-BF66-32C9A5A9A450}.Release|Win32.Build.0 = Release|Win32
		{B0F8EBE6-07EF-4BA6-A529-6CC6E5A8E1FB}.Debug|Win32.ActiveCfg = Debug|Win32
		{B0F8EBE6-07EF-4BA6-A529-6CC6E5A8E1FB}.Debug|Win32.Build.0 = Debug|Win32
		{B0F8EBE6-07EF-4BA6-A529-6CC6E5A8E1FB}.Release|Win32.ActiveCfg = Release|Win32
		{B0F8EBE6-07EF-4BA6-A529-6CC6E5A8E1FB}.Release|Win32.Build.0 = Release|Win32
		{7AF69DB2-2763-487A-8FD3-C051B45218FD}.Debug|Win32.ActiveCfg = Debug|Win32
		{7AF69DB2-2763-487A-8FD3-C051B45218FD}.Debug|Win32.Build.0 = Debug|Win32
		{7AF69DB2-2763-487A-8FD3-C051B45218FD}.Release|Win32.ActiveCfg = Release|Win32
		{7AF69DB2-2763-487A-8FD3-C051B45218FD}.Release|Win32.Build.0 = Release|Win32
		{B5CCA4D8-18A7-4913-909A-44873DFC8103}.Debug|Win32.ActiveCfg = Debug|Win32
		{B5CCA4D8-18A7-4913-909A-44873DFC8103}.Debug|Win32.Build.0 = Debug|Win32
		{B5CCA4D8-18A7-4913-909A-44873DFC8103}.Release|Win32.ActiveCfg = Release|Win32
		{B5CCA4D8-18A7-4913-909A-44873DFC8103}.Release|Win32.Build.0 = Release|Win32
		{7D2000D6-0FD7-4453-BF79-FBC3E05945FE}.Debug|Win32.ActiveCfg = Debug|Win32
		{7D2000D6-0FD7-4453-BF79-FBC3E05945FE}.Debug|Win32.Build.0 = Debug|Win32
		{7D2000D6-0FD7-4453-BF79-FBC3E05945FE}.Release|Win32.ActiveCfg = Release|Win32
		{7D2000D6-0FD7-4453-BF79-FBC3E05945FE}.Release|Win32.Build.0 = Release|Win32
		{C8F2F92B-741B-4354-A0A0-E858C1E0F058}.Debug|Win32.ActiveCfg = Debug|Win32
		{C8F2F92B-741B-4354-A0A0-E858C1E0F058}.Debug|Win32.Build.0 = Debug|Win32
		{C8F2F92B-741B-4354-A0A0-E858C1E0F058}.Release|Win32.ActiveCfg = Release|Win32
		{C8F2F92B-741B-4354-A0A0-E858C1E0F058}.Release|Win32.Build.0 = Release|Win32
		{019D351F-6370-46CD-9116-8A4BD17C7880}.Debug|Win32.ActiveCfg = Debug|Win32
		{019D351F-6370-46CD-9116-8A4BD17C7880}.Debug|Win32.Build.0 = Debug|Win32
		{019D351F-6370-46CD-9116-8A4BD17C7880}.Release|Win32.ActiveCfg = Release|Win32
		{019D351F-6370-46CD-9116-8A4BD17C7880}.Release|Win32.Build.0 = Release|Win32
		{6EF58C0E-5F09-4828-A566-45661BE3C661}.Debug|Win32.ActiveCfg = Debug|Win32
		{6EF58C0E-5F09-4828-A566-45661BE3C661}.Debug|Win32.Build.0 = Debug|Win32
		{6EF58C0E-5F09-4828-A566-45661BE3C661}.Release|Win32.ActiveCfg = Release|Win32
		{6EF58C0E-5F09-4828-A566-45661BE3C661}.Release|Win32.Build.0 = Release|Win32
		{58E984CB-F078-411C-846E-628836D2330F}.Debug|Win32.ActiveCfg = Debug|Win32
		{58E984CB-F078-411C-846E-628836D2330F}.Debug|Win32.Build.0 = Debug|Win32
		{58E984CB-F078-411C-846E-628836D2330F}.Release|Win32.ActiveCfg = Release|Win32
		{58E984CB-F078-411C-846E-628836D2330F}.Release|Win32.Build.0 = Release|Win32
		{A78A78BC-0D96-4A97-A19B-F784F377C207}.Debug|Win32.ActiveCfg = Debug|Win32
		{A78A78BC-0D96-4A97-A19B-F784F377C207}.Debug|Win32.Build.0 = Debug|Win32
		{A78A78BC-0D96-4A97-A19B-F784F377C207}.Release|Win32.ActiveCfg = Release|Win32
		{A78A78BC-0D96-4A97-A19B-F784F377C207}.Release|Win32.Build.0 = Release|Win32
		{C7E1CAC8-DD9A-4613-B5F3-A50155E998A9}.Debug|Win32.ActiveCfg = Debug|Win32
		{C7E1CAC8-DD9A-4613-B5F3-A50155E998A9}.Debug|Win32.Build.0 = Debug|Win32
		{C7E1CAC8-DD9A-4613-B5F3-A50155E998A9}.Release|Win32.ActiveCfg = Release|Win32
		{C7E1CAC8-DD9A-4613-B5F3-A50155E998A9}.Release|Win32.Build.0 = Release|Win32
		{E49F4FEB-823B-4069-AAE0-C54139A1240E}.Debug|Win32.ActiveCfg = Debug|Win32
		{E49F4FEB-823B-4069-AAE0-C54139A1240E}.Debug|Win32.Build.0 = Debug|Win32
		{E49F4FEB-823B-4069-AAE0-C54139A1240E}.Release|Win32.ActiveCfg = Release|Win32
		{E49F4FEB-823B-4069-AAE0-C54139A1240E}.Release|Win32.Build.0 = Release|Win32
	EndGlobalSection
	GlobalSection(SolutionProperties) = preSolution
		HideSolutionNode = FALSE
	EndGlobalSection
EndGlobal
